{
  "originHash" : "98ef116ddb6ae2b310cb283479fcbf4b30de51b90c21654fd510d9dc9bd5eef3",
  "pins" : [
    {
      "identity" : "grdb.swift",
      "kind" : "remoteSourceControl",
      "location" : "https://github.com/groue/GRDB.swift.git",
      "state" : {
        "revision" : "36e30a6f1ef10e4194f6af0cff90888526f0c115",
        "version" : "7.10.0"
      }
    },
    {
      "identity" : "swift-collections",
      "kind" : "remoteSourceControl",
      "location" : "https://github.com/apple/swift-collections.git",
      "state" : {
        "revision" : "8c0c0a8b49e080e54e5e328cc552821ff07cd341",
        "version" : "1.2.1"
      }
    }
  ],
  "version" : 3
}
